
Microsoft Visual Studio Solution File, Format Version 12.00
# Visual Studio Version 16
VisualStudioVersion = 16.0.29613.14
MinimumVisualStudioVersion = 10.0.40219.1
Project("{FAE04EC0-301F-11D3-BF4B-00C04F79EFBC}") = "Semester2Coursework", "Semester2Coursework\Semester2Coursework.csproj", "{1FE5479B-8451-4A74-A19F-9B420441E2FA}"
EndProject
Global
	GlobalSection(SolutionConfigurationPlatforms) = preSolution
		Debug|Any CPU = Debug|Any CPU
		Release|Any CPU = Release|Any CPU
	EndGlobalSection
	GlobalSection(ProjectConfigurationPlatforms) = postSolution
		{1FE5479B-8451-4A74-A19F-9B420441E2FA}.Debug|Any CPU.ActiveCfg = Debug|Any CPU
		{1FE5479B-8451-4A74-A19F-9B420441E2FA}.Debug|Any CPU.Build.0 = Debug|Any CPU
		{1FE5479B-8451-4A74-A19F-9B420441E2FA}.Release|Any CPU.ActiveCfg = Release|Any CPU
		{1FE5479B-8451-4A74-A19F-9B420441E2FA}.Release|Any CPU.Build.0 = Release|Any CPU
	EndGlobalSection
	GlobalSection(SolutionProperties) = preSolution
		HideSolutionNode = FALSE
	EndGlobalSection
	GlobalSection(ExtensibilityGlobals) = postSolution
		SolutionGuid = {3F75F1CC-924A-4BB9-8876-B914FE94153A}
	EndGlobalSection
EndGlobal
